// !$*UTF8*$!
{
	archiveVersion = 1;
	classes = {
	};
	objectVersion = 56;
	objects = {

/* Begin PBXBuildFile section */
		1F28CA572AC603E600A211B2 /* ProfileViewController.swift in Sources */ = {isa = PBXBuildFile; fileRef = 1F28CA562AC603E600A211B2 /* ProfileViewController.swift */; };
		1F28CA592AC6D96E00A211B2 /* SingleImageViewController.swift in Sources */ = {isa = PBXBuildFile; fileRef = 1F28CA582AC6D96E00A211B2 /* SingleImageViewController.swift */; };
		1F28CA5C2ACB399400A211B2 /* Constants.swift in Sources */ = {isa = PBXBuildFile; fileRef = 1F28CA5B2ACB399400A211B2 /* Constants.swift */; };
		1F28CA5E2ACB537500A211B2 /* AuthViewController.swift in Sources */ = {isa = PBXBuildFile; fileRef = 1F28CA5D2ACB537500A211B2 /* AuthViewController.swift */; };
		1F28CA612ACB556C00A211B2 /* WebViewViewController.swift in Sources */ = {isa = PBXBuildFile; fileRef = 1F28CA602ACB556C00A211B2 /* WebViewViewController.swift */; };
		1F28CA632AD08F5400A211B2 /* SplashViewController.swift in Sources */ = {isa = PBXBuildFile; fileRef = 1F28CA622AD08F5400A211B2 /* SplashViewController.swift */; };
		1F28CA682AD0901A00A211B2 /* OAuth2TokenStorage.swift in Sources */ = {isa = PBXBuildFile; fileRef = 1F28CA672AD0901A00A211B2 /* OAuth2TokenStorage.swift */; };
		1F28CA6A2AD0907400A211B2 /* OAuth2Service.swift in Sources */ = {isa = PBXBuildFile; fileRef = 1F28CA692AD0907400A211B2 /* OAuth2Service.swift */; };
		1F28CA6C2AD16CDF00A211B2 /* URLRequest.swift in Sources */ = {isa = PBXBuildFile; fileRef = 1F28CA6B2AD16CDF00A211B2 /* URLRequest.swift */; };
		1F28CA6F2AD5B87F00A211B2 /* ProgressHUD in Frameworks */ = {isa = PBXBuildFile; productRef = 1F28CA6E2AD5B87F00A211B2 /* ProgressHUD */; };
		1F28CA712AD6635800A211B2 /* UIBlockingProgressHUD.swift in Sources */ = {isa = PBXBuildFile; fileRef = 1F28CA702AD6635800A211B2 /* UIBlockingProgressHUD.swift */; };
		1F28CA742AD66BDC00A211B2 /* ProfileService.swift in Sources */ = {isa = PBXBuildFile; fileRef = 1F28CA732AD66BDC00A211B2 /* ProfileService.swift */; };
		1F28CA772AD7FF3400A211B2 /* SwiftKeychainWrapper in Frameworks */ = {isa = PBXBuildFile; productRef = 1F28CA762AD7FF3400A211B2 /* SwiftKeychainWrapper */; };
		1F28CA792ADC49C300A211B2 /* ProfileStructures.swift in Sources */ = {isa = PBXBuildFile; fileRef = 1F28CA782ADC49C300A211B2 /* ProfileStructures.swift */; };
		1F28CA7C2ADC658D00A211B2 /* URLRequestBuilder.swift in Sources */ = {isa = PBXBuildFile; fileRef = 1F28CA7B2ADC658D00A211B2 /* URLRequestBuilder.swift */; };
		1F28CA7E2AE1A3A000A211B2 /* AlertPresenter.swift in Sources */ = {isa = PBXBuildFile; fileRef = 1F28CA7D2AE1A3A000A211B2 /* AlertPresenter.swift */; };
		1F4548CF2AE4517A00D95243 /* Kingfisher in Frameworks */ = {isa = PBXBuildFile; productRef = 1F4548CE2AE4517A00D95243 /* Kingfisher */; };
		1F4548D12AE46E5B00D95243 /* TabBarViewController.swift in Sources */ = {isa = PBXBuildFile; fileRef = 1F4548D02AE46E5B00D95243 /* TabBarViewController.swift */; };
		1F4548D52AE5A56700D95243 /* ImagesListService.swift in Sources */ = {isa = PBXBuildFile; fileRef = 1F4548D42AE5A56700D95243 /* ImagesListService.swift */; };
		1F4548D72AE5A64600D95243 /* ImagesListStructures.swift in Sources */ = {isa = PBXBuildFile; fileRef = 1F4548D62AE5A64600D95243 /* ImagesListStructures.swift */; };
		1FE173172AE3B53100C3C793 /* ProfileImageService.swift in Sources */ = {isa = PBXBuildFile; fileRef = 1FE173162AE3B53100C3C793 /* ProfileImageService.swift */; };
		1FF519962AC0A9F200E6FE10 /* AppDelegate.swift in Sources */ = {isa = PBXBuildFile; fileRef = 1FF519952AC0A9F200E6FE10 /* AppDelegate.swift */; };
		1FF519982AC0A9F200E6FE10 /* SceneDelegate.swift in Sources */ = {isa = PBXBuildFile; fileRef = 1FF519972AC0A9F200E6FE10 /* SceneDelegate.swift */; };
		1FF5199A2AC0A9F200E6FE10 /* ImagesListViewController.swift in Sources */ = {isa = PBXBuildFile; fileRef = 1FF519992AC0A9F200E6FE10 /* ImagesListViewController.swift */; };
		1FF5199D2AC0A9F200E6FE10 /* Main.storyboard in Resources */ = {isa = PBXBuildFile; fileRef = 1FF5199B2AC0A9F200E6FE10 /* Main.storyboard */; };
		1FF5199F2AC0A9F200E6FE10 /* Assets.xcassets in Resources */ = {isa = PBXBuildFile; fileRef = 1FF5199E2AC0A9F200E6FE10 /* Assets.xcassets */; };
		1FF519A22AC0A9F200E6FE10 /* LaunchScreen.storyboard in Resources */ = {isa = PBXBuildFile; fileRef = 1FF519A02AC0A9F200E6FE10 /* LaunchScreen.storyboard */; };
		1FF519CB2AC34EE900E6FE10 /* ImagesListCell.swift in Sources */ = {isa = PBXBuildFile; fileRef = 1FF519CA2AC34EE900E6FE10 /* ImagesListCell.swift */; };
/* End PBXBuildFile section */

/* Begin PBXFileReference section */
		1F28CA562AC603E600A211B2 /* ProfileViewController.swift */ = {isa = PBXFileReference; lastKnownFileType = sourcecode.swift; path = ProfileViewController.swift; sourceTree = "<group>"; };
		1F28CA582AC6D96E00A211B2 /* SingleImageViewController.swift */ = {isa = PBXFileReference; lastKnownFileType = sourcecode.swift; path = SingleImageViewController.swift; sourceTree = "<group>"; };
		1F28CA5B2ACB399400A211B2 /* Constants.swift */ = {isa = PBXFileReference; lastKnownFileType = sourcecode.swift; path = Constants.swift; sourceTree = "<group>"; };
		1F28CA5D2ACB537500A211B2 /* AuthViewController.swift */ = {isa = PBXFileReference; lastKnownFileType = sourcecode.swift; path = AuthViewController.swift; sourceTree = "<group>"; };
		1F28CA602ACB556C00A211B2 /* WebViewViewController.swift */ = {isa = PBXFileReference; lastKnownFileType = sourcecode.swift; path = WebViewViewController.swift; sourceTree = "<group>"; };
		1F28CA622AD08F5400A211B2 /* SplashViewController.swift */ = {isa = PBXFileReference; lastKnownFileType = sourcecode.swift; path = SplashViewController.swift; sourceTree = "<group>"; };
		1F28CA672AD0901A00A211B2 /* OAuth2TokenStorage.swift */ = {isa = PBXFileReference; lastKnownFileType = sourcecode.swift; path = OAuth2TokenStorage.swift; sourceTree = "<group>"; };
		1F28CA692AD0907400A211B2 /* OAuth2Service.swift */ = {isa = PBXFileReference; lastKnownFileType = sourcecode.swift; path = OAuth2Service.swift; sourceTree = "<group>"; };
		1F28CA6B2AD16CDF00A211B2 /* URLRequest.swift */ = {isa = PBXFileReference; lastKnownFileType = sourcecode.swift; path = URLRequest.swift; sourceTree = "<group>"; };
		1F28CA702AD6635800A211B2 /* UIBlockingProgressHUD.swift */ = {isa = PBXFileReference; lastKnownFileType = sourcecode.swift; path = UIBlockingProgressHUD.swift; sourceTree = "<group>"; };
		1F28CA732AD66BDC00A211B2 /* ProfileService.swift */ = {isa = PBXFileReference; lastKnownFileType = sourcecode.swift; path = ProfileService.swift; sourceTree = "<group>"; };
		1F28CA782ADC49C300A211B2 /* ProfileStructures.swift */ = {isa = PBXFileReference; lastKnownFileType = sourcecode.swift; path = ProfileStructures.swift; sourceTree = "<group>"; };
		1F28CA7B2ADC658D00A211B2 /* URLRequestBuilder.swift */ = {isa = PBXFileReference; lastKnownFileType = sourcecode.swift; path = URLRequestBuilder.swift; sourceTree = "<group>"; };
		1F28CA7D2AE1A3A000A211B2 /* AlertPresenter.swift */ = {isa = PBXFileReference; lastKnownFileType = sourcecode.swift; path = AlertPresenter.swift; sourceTree = "<group>"; };
		1F4548D02AE46E5B00D95243 /* TabBarViewController.swift */ = {isa = PBXFileReference; lastKnownFileType = sourcecode.swift; path = TabBarViewController.swift; sourceTree = "<group>"; };
		1F4548D42AE5A56700D95243 /* ImagesListService.swift */ = {isa = PBXFileReference; lastKnownFileType = sourcecode.swift; name = ImagesListService.swift; path = ImageFeed/ImagesListService.swift; sourceTree = SOURCE_ROOT; };
		1F4548D62AE5A64600D95243 /* ImagesListStructures.swift */ = {isa = PBXFileReference; lastKnownFileType = sourcecode.swift; path = ImagesListStructures.swift; sourceTree = "<group>"; };
		1FE173162AE3B53100C3C793 /* ProfileImageService.swift */ = {isa = PBXFileReference; lastKnownFileType = sourcecode.swift; path = ProfileImageService.swift; sourceTree = "<group>"; };
		1FF519922AC0A9F200E6FE10 /* ImageFeed.app */ = {isa = PBXFileReference; explicitFileType = wrapper.application; includeInIndex = 0; path = ImageFeed.app; sourceTree = BUILT_PRODUCTS_DIR; };
		1FF519952AC0A9F200E6FE10 /* AppDelegate.swift */ = {isa = PBXFileReference; lastKnownFileType = sourcecode.swift; path = AppDelegate.swift; sourceTree = "<group>"; };
		1FF519972AC0A9F200E6FE10 /* SceneDelegate.swift */ = {isa = PBXFileReference; lastKnownFileType = sourcecode.swift; path = SceneDelegate.swift; sourceTree = "<group>"; };
		1FF519992AC0A9F200E6FE10 /* ImagesListViewController.swift */ = {isa = PBXFileReference; lastKnownFileType = sourcecode.swift; path = ImagesListViewController.swift; sourceTree = "<group>"; };
		1FF5199C2AC0A9F200E6FE10 /* Base */ = {isa = PBXFileReference; lastKnownFileType = file.storyboard; name = Base; path = Base.lproj/Main.storyboard; sourceTree = "<group>"; };
		1FF5199E2AC0A9F200E6FE10 /* Assets.xcassets */ = {isa = PBXFileReference; lastKnownFileType = folder.assetcatalog; path = Assets.xcassets; sourceTree = "<group>"; };
		1FF519A12AC0A9F200E6FE10 /* Base */ = {isa = PBXFileReference; lastKnownFileType = file.storyboard; name = Base; path = Base.lproj/LaunchScreen.storyboard; sourceTree = "<group>"; };
		1FF519A32AC0A9F200E6FE10 /* Info.plist */ = {isa = PBXFileReference; lastKnownFileType = text.plist.xml; path = Info.plist; sourceTree = "<group>"; };
		1FF519CA2AC34EE900E6FE10 /* ImagesListCell.swift */ = {isa = PBXFileReference; lastKnownFileType = sourcecode.swift; path = ImagesListCell.swift; sourceTree = "<group>"; };
/* End PBXFileReference section */

/* Begin PBXFrameworksBuildPhase section */
		1FF5198F2AC0A9F200E6FE10 /* Frameworks */ = {
			isa = PBXFrameworksBuildPhase;
			buildActionMask = 2147483647;
			files = (
				1F4548CF2AE4517A00D95243 /* Kingfisher in Frameworks */,
				1F28CA772AD7FF3400A211B2 /* SwiftKeychainWrapper in Frameworks */,
				1F28CA6F2AD5B87F00A211B2 /* ProgressHUD in Frameworks */,
			);
			runOnlyForDeploymentPostprocessing = 0;
		};
/* End PBXFrameworksBuildPhase section */

/* Begin PBXGroup section */
		1F28CA552AC603CA00A211B2 /* Profile */ = {
			isa = PBXGroup;
			children = (
				1F28CA562AC603E600A211B2 /* ProfileViewController.swift */,
			);
			path = Profile;
			sourceTree = "<group>";
		};
		1F28CA5A2AC6D99F00A211B2 /* SingleImageViewController */ = {
			isa = PBXGroup;
			children = (
				1F28CA582AC6D96E00A211B2 /* SingleImageViewController.swift */,
			);
			path = SingleImageViewController;
			sourceTree = "<group>";
		};
		1F28CA5F2ACB53BE00A211B2 /* Auth */ = {
			isa = PBXGroup;
			children = (
				1F28CA5D2ACB537500A211B2 /* AuthViewController.swift */,
				1F28CA602ACB556C00A211B2 /* WebViewViewController.swift */,
			);
			path = Auth;
			sourceTree = "<group>";
		};
		1F28CA642AD08F5F00A211B2 /* SplashViewController */ = {
			isa = PBXGroup;
			children = (
				1F28CA622AD08F5400A211B2 /* SplashViewController.swift */,
				1F28CA7D2AE1A3A000A211B2 /* AlertPresenter.swift */,
			);
			path = SplashViewController;
			sourceTree = "<group>";
		};
		1F28CA652AD08FE000A211B2 /* ServiceAccessLayer */ = {
			isa = PBXGroup;
			children = (
				1F4548D32AE5A53100D95243 /* ImageList */,
				1F28CA7A2ADC654D00A211B2 /* Network service */,
				1F28CA722AD66A1E00A211B2 /* Profile */,
				1F28CA662AD0900000A211B2 /* OAuth2 */,
				1F28CA702AD6635800A211B2 /* UIBlockingProgressHUD.swift */,
			);
			path = ServiceAccessLayer;
			sourceTree = "<group>";
		};
		1F28CA662AD0900000A211B2 /* OAuth2 */ = {
			isa = PBXGroup;
			children = (
				1F28CA692AD0907400A211B2 /* OAuth2Service.swift */,
				1F28CA672AD0901A00A211B2 /* OAuth2TokenStorage.swift */,
			);
			path = OAuth2;
			sourceTree = "<group>";
		};
		1F28CA722AD66A1E00A211B2 /* Profile */ = {
			isa = PBXGroup;
			children = (
				1F28CA732AD66BDC00A211B2 /* ProfileService.swift */,
				1FE173162AE3B53100C3C793 /* ProfileImageService.swift */,
				1F28CA782ADC49C300A211B2 /* ProfileStructures.swift */,
			);
			path = Profile;
			sourceTree = "<group>";
		};
		1F28CA7A2ADC654D00A211B2 /* Network service */ = {
			isa = PBXGroup;
			children = (
				1F28CA6B2AD16CDF00A211B2 /* URLRequest.swift */,
				1F28CA7B2ADC658D00A211B2 /* URLRequestBuilder.swift */,
			);
			path = "Network service";
			sourceTree = "<group>";
		};
		1F4548D22AE46E6000D95243 /* TabBar */ = {
			isa = PBXGroup;
			children = (
				1F4548D02AE46E5B00D95243 /* TabBarViewController.swift */,
			);
			path = TabBar;
			sourceTree = "<group>";
		};
		1F4548D32AE5A53100D95243 /* ImageList */ = {
			isa = PBXGroup;
			children = (
				1F4548D42AE5A56700D95243 /* ImagesListService.swift */,
				1F4548D62AE5A64600D95243 /* ImagesListStructures.swift */,
			);
			path = ImageList;
			sourceTree = "<group>";
		};
		1FF519892AC0A9F200E6FE10 = {
			isa = PBXGroup;
			children = (
				1FF519942AC0A9F200E6FE10 /* ImageFeed */,
				1FF519932AC0A9F200E6FE10 /* Products */,
			);
			sourceTree = "<group>";
		};
		1FF519932AC0A9F200E6FE10 /* Products */ = {
			isa = PBXGroup;
			children = (
				1FF519922AC0A9F200E6FE10 /* ImageFeed.app */,
			);
			name = Products;
			sourceTree = "<group>";
		};
		1FF519942AC0A9F200E6FE10 /* ImageFeed */ = {
			isa = PBXGroup;
			children = (
				1FF519952AC0A9F200E6FE10 /* AppDelegate.swift */,
				1FF519972AC0A9F200E6FE10 /* SceneDelegate.swift */,
				1F28CA5B2ACB399400A211B2 /* Constants.swift */,
				1F4548D22AE46E6000D95243 /* TabBar */,
				1F28CA652AD08FE000A211B2 /* ServiceAccessLayer */,
				1F28CA642AD08F5F00A211B2 /* SplashViewController */,
				1F28CA5F2ACB53BE00A211B2 /* Auth */,
				1F28CA552AC603CA00A211B2 /* Profile */,
				1FF519CC2AC34F5000E6FE10 /* ImagesList */,
				1F28CA5A2AC6D99F00A211B2 /* SingleImageViewController */,
				1FF5199B2AC0A9F200E6FE10 /* Main.storyboard */,
				1FF5199E2AC0A9F200E6FE10 /* Assets.xcassets */,
				1FF519A02AC0A9F200E6FE10 /* LaunchScreen.storyboard */,
				1FF519A32AC0A9F200E6FE10 /* Info.plist */,
			);
			path = ImageFeed;
			sourceTree = "<group>";
		};
		1FF519CC2AC34F5000E6FE10 /* ImagesList */ = {
			isa = PBXGroup;
			children = (
				1FF519CA2AC34EE900E6FE10 /* ImagesListCell.swift */,
				1FF519992AC0A9F200E6FE10 /* ImagesListViewController.swift */,
			);
			path = ImagesList;
			sourceTree = "<group>";
		};
/* End PBXGroup section */

/* Begin PBXNativeTarget section */
		1FF519912AC0A9F200E6FE10 /* ImageFeed */ = {
			isa = PBXNativeTarget;
			buildConfigurationList = 1FF519A62AC0A9F200E6FE10 /* Build configuration list for PBXNativeTarget "ImageFeed" */;
			buildPhases = (
				1FF5198E2AC0A9F200E6FE10 /* Sources */,
				1FF5198F2AC0A9F200E6FE10 /* Frameworks */,
				1FF519902AC0A9F200E6FE10 /* Resources */,
			);
			buildRules = (
			);
			dependencies = (
			);
			name = ImageFeed;
			packageProductDependencies = (
				1F28CA6E2AD5B87F00A211B2 /* ProgressHUD */,
				1F28CA762AD7FF3400A211B2 /* SwiftKeychainWrapper */,
				1F4548CE2AE4517A00D95243 /* Kingfisher */,
			);
			productName = ImageFeed;
			productReference = 1FF519922AC0A9F200E6FE10 /* ImageFeed.app */;
			productType = "com.apple.product-type.application";
		};
/* End PBXNativeTarget section */

/* Begin PBXProject section */
		1FF5198A2AC0A9F200E6FE10 /* Project object */ = {
			isa = PBXProject;
			attributes = {
				BuildIndependentTargetsInParallel = 1;
				LastSwiftUpdateCheck = 1430;
				LastUpgradeCheck = 1500;
				TargetAttributes = {
					1FF519912AC0A9F200E6FE10 = {
						CreatedOnToolsVersion = 14.3.1;
					};
				};
			};
			buildConfigurationList = 1FF5198D2AC0A9F200E6FE10 /* Build configuration list for PBXProject "ImageFeed" */;
			compatibilityVersion = "Xcode 14.0";
			developmentRegion = en;
			hasScannedForEncodings = 0;
			knownRegions = (
				en,
				Base,
			);
			mainGroup = 1FF519892AC0A9F200E6FE10;
			packageReferences = (
				1F28CA6D2AD5B87F00A211B2 /* XCRemoteSwiftPackageReference "ProgressHUD" */,
				1F28CA752AD7FF3400A211B2 /* XCRemoteSwiftPackageReference "SwiftKeychainWrapper" */,
				1F4548CD2AE4517A00D95243 /* XCRemoteSwiftPackageReference "Kingfisher" */,
			);
			productRefGroup = 1FF519932AC0A9F200E6FE10 /* Products */;
			projectDirPath = "";
			projectRoot = "";
			targets = (
				1FF519912AC0A9F200E6FE10 /* ImageFeed */,
			);
		};
/* End PBXProject section */

/* Begin PBXResourcesBuildPhase section */
		1FF519902AC0A9F200E6FE10 /* Resources */ = {
			isa = PBXResourcesBuildPhase;
			buildActionMask = 2147483647;
			files = (
				1FF519A22AC0A9F200E6FE10 /* LaunchScreen.storyboard in Resources */,
				1FF5199F2AC0A9F200E6FE10 /* Assets.xcassets in Resources */,
				1FF5199D2AC0A9F200E6FE10 /* Main.storyboard in Resources */,
			);
			runOnlyForDeploymentPostprocessing = 0;
		};
/* End PBXResourcesBuildPhase section */

/* Begin PBXSourcesBuildPhase section */
		1FF5198E2AC0A9F200E6FE10 /* Sources */ = {
			isa = PBXSourcesBuildPhase;
			buildActionMask = 2147483647;
			files = (
				1FF5199A2AC0A9F200E6FE10 /* ImagesListViewController.swift in Sources */,
				1F28CA592AC6D96E00A211B2 /* SingleImageViewController.swift in Sources */,
				1F4548D52AE5A56700D95243 /* ImagesListService.swift in Sources */,
				1F28CA6A2AD0907400A211B2 /* OAuth2Service.swift in Sources */,
				1F28CA6C2AD16CDF00A211B2 /* URLRequest.swift in Sources */,
				1FF519CB2AC34EE900E6FE10 /* ImagesListCell.swift in Sources */,
				1F28CA572AC603E600A211B2 /* ProfileViewController.swift in Sources */,
				1F28CA682AD0901A00A211B2 /* OAuth2TokenStorage.swift in Sources */,
				1F28CA7E2AE1A3A000A211B2 /* AlertPresenter.swift in Sources */,
				1F28CA792ADC49C300A211B2 /* ProfileStructures.swift in Sources */,
				1F28CA5E2ACB537500A211B2 /* AuthViewController.swift in Sources */,
				1F28CA5C2ACB399400A211B2 /* Constants.swift in Sources */,
				1FE173172AE3B53100C3C793 /* ProfileImageService.swift in Sources */,
				1FF519962AC0A9F200E6FE10 /* AppDelegate.swift in Sources */,
				1F4548D12AE46E5B00D95243 /* TabBarViewController.swift in Sources */,
				1F28CA7C2ADC658D00A211B2 /* URLRequestBuilder.swift in Sources */,
				1F28CA612ACB556C00A211B2 /* WebViewViewController.swift in Sources */,
				1F4548D72AE5A64600D95243 /* ImagesListStructures.swift in Sources */,
				1FF519982AC0A9F200E6FE10 /* SceneDelegate.swift in Sources */,
				1F28CA632AD08F5400A211B2 /* SplashViewController.swift in Sources */,
				1F28CA712AD6635800A211B2 /* UIBlockingProgressHUD.swift in Sources */,
				1F28CA742AD66BDC00A211B2 /* ProfileService.swift in Sources */,
			);
			runOnlyForDeploymentPostprocessing = 0;
		};
/* End PBXSourcesBuildPhase section */

/* Begin PBXVariantGroup section */
		1FF5199B2AC0A9F200E6FE10 /* Main.storyboard */ = {
			isa = PBXVariantGroup;
			children = (
				1FF5199C2AC0A9F200E6FE10 /* Base */,
			);
			name = Main.storyboard;
			sourceTree = "<group>";
		};
		1FF519A02AC0A9F200E6FE10 /* LaunchScreen.storyboard */ = {
			isa = PBXVariantGroup;
			children = (
				1FF519A12AC0A9F200E6FE10 /* Base */,
			);
			name = LaunchScreen.storyboard;
			sourceTree = "<group>";
		};
/* End PBXVariantGroup section */

/* Begin XCBuildConfiguration section */
		1FF519A42AC0A9F200E6FE10 /* Debug */ = {
			isa = XCBuildConfiguration;
			buildSettings = {
				ALWAYS_SEARCH_USER_PATHS = NO;
				CLANG_ANALYZER_NONNULL = YES;
				CLANG_ANALYZER_NUMBER_OBJECT_CONVERSION = YES_AGGRESSIVE;
				CLANG_CXX_LANGUAGE_STANDARD = "gnu++20";
				CLANG_ENABLE_MODULES = YES;
				CLANG_ENABLE_OBJC_ARC = YES;
				CLANG_ENABLE_OBJC_WEAK = YES;
				CLANG_WARN_BLOCK_CAPTURE_AUTORELEASING = YES;
				CLANG_WARN_BOOL_CONVERSION = YES;
				CLANG_WARN_COMMA = YES;
				CLANG_WARN_CONSTANT_CONVERSION = YES;
				CLANG_WARN_DEPRECATED_OBJC_IMPLEMENTATIONS = YES;
				CLANG_WARN_DIRECT_OBJC_ISA_USAGE = YES_ERROR;
				CLANG_WARN_DOCUMENTATION_COMMENTS = YES;
				CLANG_WARN_EMPTY_BODY = YES;
				CLANG_WARN_ENUM_CONVERSION = YES;
				CLANG_WARN_INFINITE_RECURSION = YES;
				CLANG_WARN_INT_CONVERSION = YES;
				CLANG_WARN_NON_LITERAL_NULL_CONVERSION = YES;
				CLANG_WARN_OBJC_IMPLICIT_RETAIN_SELF = YES;
				CLANG_WARN_OBJC_LITERAL_CONVERSION = YES;
				CLANG_WARN_OBJC_ROOT_CLASS = YES_ERROR;
				CLANG_WARN_QUOTED_INCLUDE_IN_FRAMEWORK_HEADER = YES;
				CLANG_WARN_RANGE_LOOP_ANALYSIS = YES;
				CLANG_WARN_STRICT_PROTOTYPES = YES;
				CLANG_WARN_SUSPICIOUS_MOVE = YES;
				CLANG_WARN_UNGUARDED_AVAILABILITY = YES_AGGRESSIVE;
				CLANG_WARN_UNREACHABLE_CODE = YES;
				CLANG_WARN__DUPLICATE_METHOD_MATCH = YES;
				COPY_PHASE_STRIP = NO;
				DEBUG_INFORMATION_FORMAT = dwarf;
				ENABLE_STRICT_OBJC_MSGSEND = YES;
				ENABLE_TESTABILITY = YES;
				ENABLE_USER_SCRIPT_SANDBOXING = YES;
				GCC_C_LANGUAGE_STANDARD = gnu11;
				GCC_DYNAMIC_NO_PIC = NO;
				GCC_NO_COMMON_BLOCKS = YES;
				GCC_OPTIMIZATION_LEVEL = 0;
				GCC_PREPROCESSOR_DEFINITIONS = (
					"DEBUG=1",
					"$(inherited)",
				);
				GCC_WARN_64_TO_32_BIT_CONVERSION = YES;
				GCC_WARN_ABOUT_RETURN_TYPE = YES_ERROR;
				GCC_WARN_UNDECLARED_SELECTOR = YES;
				GCC_WARN_UNINITIALIZED_AUTOS = YES_AGGRESSIVE;
				GCC_WARN_UNUSED_FUNCTION = YES;
				GCC_WARN_UNUSED_VARIABLE = YES;
				IPHONEOS_DEPLOYMENT_TARGET = 16.4;
				MTL_ENABLE_DEBUG_INFO = INCLUDE_SOURCE;
				MTL_FAST_MATH = YES;
				ONLY_ACTIVE_ARCH = YES;
				SDKROOT = iphoneos;
				SWIFT_ACTIVE_COMPILATION_CONDITIONS = DEBUG;
				SWIFT_OPTIMIZATION_LEVEL = "-Onone";
			};
			name = Debug;
		};
		1FF519A52AC0A9F200E6FE10 /* Release */ = {
			isa = XCBuildConfiguration;
			buildSettings = {
				ALWAYS_SEARCH_USER_PATHS = NO;
				CLANG_ANALYZER_NONNULL = YES;
				CLANG_ANALYZER_NUMBER_OBJECT_CONVERSION = YES_AGGRESSIVE;
				CLANG_CXX_LANGUAGE_STANDARD = "gnu++20";
				CLANG_ENABLE_MODULES = YES;
				CLANG_ENABLE_OBJC_ARC = YES;
				CLANG_ENABLE_OBJC_WEAK = YES;
				CLANG_WARN_BLOCK_CAPTURE_AUTORELEASING = YES;
				CLANG_WARN_BOOL_CONVERSION = YES;
				CLANG_WARN_COMMA = YES;
				CLANG_WARN_CONSTANT_CONVERSION = YES;
				CLANG_WARN_DEPRECATED_OBJC_IMPLEMENTATIONS = YES;
				CLANG_WARN_DIRECT_OBJC_ISA_USAGE = YES_ERROR;
				CLANG_WARN_DOCUMENTATION_COMMENTS = YES;
				CLANG_WARN_EMPTY_BODY = YES;
				CLANG_WARN_ENUM_CONVERSION = YES;
				CLANG_WARN_INFINITE_RECURSION = YES;
				CLANG_WARN_INT_CONVERSION = YES;
				CLANG_WARN_NON_LITERAL_NULL_CONVERSION = YES;
				CLANG_WARN_OBJC_IMPLICIT_RETAIN_SELF = YES;
				CLANG_WARN_OBJC_LITERAL_CONVERSION = YES;
				CLANG_WARN_OBJC_ROOT_CLASS = YES_ERROR;
				CLANG_WARN_QUOTED_INCLUDE_IN_FRAMEWORK_HEADER = YES;
				CLANG_WARN_RANGE_LOOP_ANALYSIS = YES;
				CLANG_WARN_STRICT_PROTOTYPES = YES;
				CLANG_WARN_SUSPICIOUS_MOVE = YES;
				CLANG_WARN_UNGUARDED_AVAILABILITY = YES_AGGRESSIVE;
				CLANG_WARN_UNREACHABLE_CODE = YES;
				CLANG_WARN__DUPLICATE_METHOD_MATCH = YES;
				COPY_PHASE_STRIP = NO;
				DEBUG_INFORMATION_FORMAT = "dwarf-with-dsym";
				ENABLE_NS_ASSERTIONS = NO;
				ENABLE_STRICT_OBJC_MSGSEND = YES;
				ENABLE_USER_SCRIPT_SANDBOXING = YES;
				GCC_C_LANGUAGE_STANDARD = gnu11;
				GCC_NO_COMMON_BLOCKS = YES;
				GCC_WARN_64_TO_32_BIT_CONVERSION = YES;
				GCC_WARN_ABOUT_RETURN_TYPE = YES_ERROR;
				GCC_WARN_UNDECLARED_SELECTOR = YES;
				GCC_WARN_UNINITIALIZED_AUTOS = YES_AGGRESSIVE;
				GCC_WARN_UNUSED_FUNCTION = YES;
				GCC_WARN_UNUSED_VARIABLE = YES;
				IPHONEOS_DEPLOYMENT_TARGET = 16.4;
				MTL_ENABLE_DEBUG_INFO = NO;
				MTL_FAST_MATH = YES;
				SDKROOT = iphoneos;
				SWIFT_COMPILATION_MODE = wholemodule;
				SWIFT_OPTIMIZATION_LEVEL = "-O";
				VALIDATE_PRODUCT = YES;
			};
			name = Release;
		};
		1FF519A72AC0A9F200E6FE10 /* Debug */ = {
			isa = XCBuildConfiguration;
			buildSettings = {
				ASSETCATALOG_COMPILER_APPICON_NAME = AppIcon;
				ASSETCATALOG_COMPILER_GLOBAL_ACCENT_COLOR_NAME = AccentColor;
				CODE_SIGN_STYLE = Automatic;
				CURRENT_PROJECT_VERSION = 1;
				DEVELOPMENT_TEAM = NGUD58F788;
				GENERATE_INFOPLIST_FILE = YES;
				INFOPLIST_FILE = ImageFeed/Info.plist;
				INFOPLIST_KEY_UIApplicationSupportsIndirectInputEvents = YES;
				INFOPLIST_KEY_UILaunchStoryboardName = LaunchScreen;
				INFOPLIST_KEY_UIMainStoryboardFile = Main;
				IPHONEOS_DEPLOYMENT_TARGET = 13.0;
				LD_RUNPATH_SEARCH_PATHS = (
					"$(inherited)",
					"@executable_path/Frameworks",
				);
				MARKETING_VERSION = 1.0;
				PRODUCT_BUNDLE_IDENTIFIER = ru.yandex.bloodykot.ImageFeed.ImageFeed;
				PRODUCT_NAME = "$(TARGET_NAME)";
				SUPPORTED_PLATFORMS = "iphoneos iphonesimulator";
				SUPPORTS_MACCATALYST = NO;
				SUPPORTS_MAC_DESIGNED_FOR_IPHONE_IPAD = NO;
				SWIFT_EMIT_LOC_STRINGS = YES;
				SWIFT_VERSION = 5.0;
				TARGETED_DEVICE_FAMILY = 1;
			};
			name = Debug;
		};
		1FF519A82AC0A9F200E6FE10 /* Release */ = {
			isa = XCBuildConfiguration;
			buildSettings = {
				ASSETCATALOG_COMPILER_APPICON_NAME = AppIcon;
				ASSETCATALOG_COMPILER_GLOBAL_ACCENT_COLOR_NAME = AccentColor;
				CODE_SIGN_STYLE = Automatic;
				CURRENT_PROJECT_VERSION = 1;
				DEVELOPMENT_TEAM = NGUD58F788;
				GENERATE_INFOPLIST_FILE = YES;
				INFOPLIST_FILE = ImageFeed/Info.plist;
				INFOPLIST_KEY_UIApplicationSupportsIndirectInputEvents = YES;
				INFOPLIST_KEY_UILaunchStoryboardName = LaunchScreen;
				INFOPLIST_KEY_UIMainStoryboardFile = Main;
				IPHONEOS_DEPLOYMENT_TARGET = 13.0;
				LD_RUNPATH_SEARCH_PATHS = (
					"$(inherited)",
					"@executable_path/Frameworks",
				);
				MARKETING_VERSION = 1.0;
				PRODUCT_BUNDLE_IDENTIFIER = ru.yandex.bloodykot.ImageFeed.ImageFeed;
				PRODUCT_NAME = "$(TARGET_NAME)";
				SUPPORTED_PLATFORMS = "iphoneos iphonesimulator";
				SUPPORTS_MACCATALYST = NO;
				SUPPORTS_MAC_DESIGNED_FOR_IPHONE_IPAD = NO;
				SWIFT_EMIT_LOC_STRINGS = YES;
				SWIFT_VERSION = 5.0;
				TARGETED_DEVICE_FAMILY = 1;
			};
			name = Release;
		};
/* End XCBuildConfiguration section */

/* Begin XCConfigurationList section */
		1FF5198D2AC0A9F200E6FE10 /* Build configuration list for PBXProject "ImageFeed" */ = {
			isa = XCConfigurationList;
			buildConfigurations = (
				1FF519A42AC0A9F200E6FE10 /* Debug */,
				1FF519A52AC0A9F200E6FE10 /* Release */,
			);
			defaultConfigurationIsVisible = 0;
			defaultConfigurationName = Release;
		};
		1FF519A62AC0A9F200E6FE10 /* Build configuration list for PBXNativeTarget "ImageFeed" */ = {
			isa = XCConfigurationList;
			buildConfigurations = (
				1FF519A72AC0A9F200E6FE10 /* Debug */,
				1FF519A82AC0A9F200E6FE10 /* Release */,
			);
			defaultConfigurationIsVisible = 0;
			defaultConfigurationName = Release;
		};
/* End XCConfigurationList section */

/* Begin XCRemoteSwiftPackageReference section */
		1F28CA6D2AD5B87F00A211B2 /* XCRemoteSwiftPackageReference "ProgressHUD" */ = {
			isa = XCRemoteSwiftPackageReference;
			repositoryURL = "https://github.com/relatedcode/ProgressHUD";
			requirement = {
				kind = upToNextMajorVersion;
				minimumVersion = 13.8.4;
			};
		};
		1F28CA752AD7FF3400A211B2 /* XCRemoteSwiftPackageReference "SwiftKeychainWrapper" */ = {
			isa = XCRemoteSwiftPackageReference;
			repositoryURL = "https://github.com/jrendel/SwiftKeychainWrapper";
			requirement = {
				kind = upToNextMajorVersion;
				minimumVersion = 4.0.1;
			};
		};
		1F4548CD2AE4517A00D95243 /* XCRemoteSwiftPackageReference "Kingfisher" */ = {
			isa = XCRemoteSwiftPackageReference;
			repositoryURL = "https://github.com/onevcat/Kingfisher/";
			requirement = {
				kind = upToNextMajorVersion;
				minimumVersion = 7.9.1;
			};
		};
/* End XCRemoteSwiftPackageReference section */

/* Begin XCSwiftPackageProductDependency section */
		1F28CA6E2AD5B87F00A211B2 /* ProgressHUD */ = {
			isa = XCSwiftPackageProductDependency;
			package = 1F28CA6D2AD5B87F00A211B2 /* XCRemoteSwiftPackageReference "ProgressHUD" */;
			productName = ProgressHUD;
		};
		1F28CA762AD7FF3400A211B2 /* SwiftKeychainWrapper */ = {
			isa = XCSwiftPackageProductDependency;
			package = 1F28CA752AD7FF3400A211B2 /* XCRemoteSwiftPackageReference "SwiftKeychainWrapper" */;
			productName = SwiftKeychainWrapper;
		};
		1F4548CE2AE4517A00D95243 /* Kingfisher */ = {
			isa = XCSwiftPackageProductDependency;
			package = 1F4548CD2AE4517A00D95243 /* XCRemoteSwiftPackageReference "Kingfisher" */;
			productName = Kingfisher;
		};
/* End XCSwiftPackageProductDependency section */
	};
	rootObject = 1FF5198A2AC0A9F200E6FE10 /* Project object */;
}
